
Microsoft Visual Studio Solution File, Format Version 12.00
# Visual Studio 15
VisualStudioVersion = 15.0.27703.2026
MinimumVisualStudioVersion = 10.0.40219.1
Project("{FAE04EC0-301F-11D3-BF4B-00C04F79EFBC}") = "Dijkstras algorithm", "Dijkstras algorithm\Dijkstras algorithm.csproj", "{26A645FF-3DE4-405A-BDD1-FB48A49FA9B0}"
EndProject
Global
	GlobalSection(SolutionConfigurationPlatforms) = preSolution
		Debug|Any CPU = Debug|Any CPU
		Release|Any CPU = Release|Any CPU
	EndGlobalSection
	GlobalSection(ProjectConfigurationPlatforms) = postSolution
		{26A645FF-3DE4-405A-BDD1-FB48A49FA9B0}.Debug|Any CPU.ActiveCfg = Debug|Any CPU
		{26A645FF-3DE4-405A-BDD1-FB48A49FA9B0}.Debug|Any CPU.Build.0 = Debug|Any CPU
		{26A645FF-3DE4-405A-BDD1-FB48A49FA9B0}.Release|Any CPU.ActiveCfg = Release|Any CPU
		{26A645FF-3DE4-405A-BDD1-FB48A49FA9B0}.Release|Any CPU.Build.0 = Release|Any CPU
	EndGlobalSection
	GlobalSection(SolutionProperties) = preSolution
		HideSolutionNode = FALSE
	EndGlobalSection
	GlobalSection(ExtensibilityGlobals) = postSolution
		SolutionGuid = {FF2FCB69-099E-4FBF-A89F-523EEB0920A9}
	EndGlobalSection
EndGlobal
